
Microsoft Visual Studio Solution File, Format Version 12.00
# Visual Studio 15
VisualStudioVersion = 15.0.28307.106
MinimumVisualStudioVersion = 10.0.40219.1
Project("{2150E333-8FDC-42A3-9474-1A3956D46DE8}") = "Solution Items", "Solution Items", "{A2CCA08F-9FC1-4174-AA69-DCA439B140CC}"
	ProjectSection(SolutionItems) = preProject
		.gitignore = .gitignore
	EndProjectSection
EndProject
Project("{FAE04EC0-301F-11D3-BF4B-00C04F79EFBC}") = "CountPostIts.ConsoleUI", "CountPostIts.ConsoleUI\CountPostIts.ConsoleUI.csproj", "{2D435773-5954-4186-846E-C1296D66CA2F}"
EndProject
Project("{FAE04EC0-301F-11D3-BF4B-00C04F79EFBC}") = "CountPostIts.ImageRecognition", "CountPostIts.ImageRecognition\CountPostIts.ImageRecognition.csproj", "{4A51BA28-A032-44F7-8FBA-1066F45CB530}"
EndProject
Project("{9A19103F-16F7-4668-BE54-9A1E7A4F7556}") = "CountPostIts.ConsoleUI.Tests", "CountPostIts.ConsoleUI.Tests\CountPostIts.ConsoleUI.Tests.csproj", "{CC352F49-A3A2-47AF-A3E0-F3C5EAEBC007}"
EndProject
Project("{9A19103F-16F7-4668-BE54-9A1E7A4F7556}") = "CountPostIts.ImageRecognition.Tests", "CountPostIts.ImageRecognition.Tests\CountPostIts.ImageRecognition.Tests.csproj", "{93ADF02B-6965-433D-B654-B079AF16DB7E}"
EndProject
Project("{FAE04EC0-301F-11D3-BF4B-00C04F79EFBC}") = "ClassLibrary1", "ClassLibrary1\ClassLibrary1.csproj", "{9DE8EB9B-592C-4EEB-80EE-5634D1A12446}"
EndProject
Global
	GlobalSection(SolutionConfigurationPlatforms) = preSolution
		Debug|Any CPU = Debug|Any CPU
		Release|Any CPU = Release|Any CPU
	EndGlobalSection
	GlobalSection(ProjectConfigurationPlatforms) = postSolution
		{2D435773-5954-4186-846E-C1296D66CA2F}.Debug|Any CPU.ActiveCfg = Debug|Any CPU
		{2D435773-5954-4186-846E-C1296D66CA2F}.Debug|Any CPU.Build.0 = Debug|Any CPU
		{2D435773-5954-4186-846E-C1296D66CA2F}.Release|Any CPU.ActiveCfg = Release|Any CPU
		{2D435773-5954-4186-846E-C1296D66CA2F}.Release|Any CPU.Build.0 = Release|Any CPU
		{4A51BA28-A032-44F7-8FBA-1066F45CB530}.Debug|Any CPU.ActiveCfg = Debug|Any CPU
		{4A51BA28-A032-44F7-8FBA-1066F45CB530}.Debug|Any CPU.Build.0 = Debug|Any CPU
		{4A51BA28-A032-44F7-8FBA-1066F45CB530}.Release|Any CPU.ActiveCfg = Release|Any CPU
		{4A51BA28-A032-44F7-8FBA-1066F45CB530}.Release|Any CPU.Build.0 = Release|Any CPU
		{CC352F49-A3A2-47AF-A3E0-F3C5EAEBC007}.Debug|Any CPU.ActiveCfg = Debug|Any CPU
		{CC352F49-A3A2-47AF-A3E0-F3C5EAEBC007}.Debug|Any CPU.Build.0 = Debug|Any CPU
		{CC352F49-A3A2-47AF-A3E0-F3C5EAEBC007}.Release|Any CPU.ActiveCfg = Release|Any CPU
		{CC352F49-A3A2-47AF-A3E0-F3C5EAEBC007}.Release|Any CPU.Build.0 = Release|Any CPU
		{93ADF02B-6965-433D-B654-B079AF16DB7E}.Debug|Any CPU.ActiveCfg = Debug|Any CPU
		{93ADF02B-6965-433D-B654-B079AF16DB7E}.Debug|Any CPU.Build.0 = Debug|Any CPU
		{93ADF02B-6965-433D-B654-B079AF16DB7E}.Release|Any CPU.ActiveCfg = Release|Any CPU
		{93ADF02B-6965-433D-B654-B079AF16DB7E}.Release|Any CPU.Build.0 = Release|Any CPU
		{9DE8EB9B-592C-4EEB-80EE-5634D1A12446}.Debug|Any CPU.ActiveCfg = Debug|Any CPU
		{9DE8EB9B-592C-4EEB-80EE-5634D1A12446}.Debug|Any CPU.Build.0 = Debug|Any CPU
		{9DE8EB9B-592C-4EEB-80EE-5634D1A12446}.Release|Any CPU.ActiveCfg = Release|Any CPU
		{9DE8EB9B-592C-4EEB-80EE-5634D1A12446}.Release|Any CPU.Build.0 = Release|Any CPU
	EndGlobalSection
	GlobalSection(SolutionProperties) = preSolution
		HideSolutionNode = FALSE
	EndGlobalSection
	GlobalSection(ExtensibilityGlobals) = postSolution
		SolutionGuid = {82B8EF2D-C57B-443C-B154-69C6C01627DD}
	EndGlobalSection
EndGlobal
